
Microsoft Visual Studio Solution File, Format Version 12.00
# Visual Studio Version 16
VisualStudioVersion = 16.0.31402.337
MinimumVisualStudioVersion = 10.0.40219.1
Project("{FAE04EC0-301F-11D3-BF4B-00C04F79EFBC}") = "OrderCafe", "OrderCafe\OrderCafe.csproj", "{A9F62CBE-444F-46CE-954E-355C06D0118C}"
EndProject
Project("{2150E333-8FDC-42A3-9474-1A3956D46DE8}") = "NewFolder1", "NewFolder1", "{C1E3EF31-BBA6-47C4-A0EF-9851B5E3D054}"
EndProject
Global
	GlobalSection(SolutionConfigurationPlatforms) = preSolution
		Debug|Any CPU = Debug|Any CPU
		Release|Any CPU = Release|Any CPU
	EndGlobalSection
	GlobalSection(ProjectConfigurationPlatforms) = postSolution
		{A9F62CBE-444F-46CE-954E-355C06D0118C}.Debug|Any CPU.ActiveCfg = Debug|Any CPU
		{A9F62CBE-444F-46CE-954E-355C06D0118C}.Debug|Any CPU.Build.0 = Debug|Any CPU
		{A9F62CBE-444F-46CE-954E-355C06D0118C}.Release|Any CPU.ActiveCfg = Release|Any CPU
		{A9F62CBE-444F-46CE-954E-355C06D0118C}.Release|Any CPU.Build.0 = Release|Any CPU
	EndGlobalSection
	GlobalSection(SolutionProperties) = preSolution
		HideSolutionNode = FALSE
	EndGlobalSection
	GlobalSection(ExtensibilityGlobals) = postSolution
		SolutionGuid = {71B3E6F2-6433-4239-88A0-F66458129A5A}
	EndGlobalSection
EndGlobal
